// !$*UTF8*$!
{
	archiveVersion = 1;
	classes = {
	};
	objectVersion = 52;
	objects = {

/* Begin PBXBuildFile section */
		044653FF247D4924005CAF43 /* AppDelegate.swift in Sources */ = {isa = PBXBuildFile; fileRef = 044653FE247D4924005CAF43 /* AppDelegate.swift */; };
		04465401247D4924005CAF43 /* SceneDelegate.swift in Sources */ = {isa = PBXBuildFile; fileRef = 04465400247D4924005CAF43 /* SceneDelegate.swift */; };
		04465406247D4924005CAF43 /* Main.storyboard in Resources */ = {isa = PBXBuildFile; fileRef = 04465404247D4924005CAF43 /* Main.storyboard */; };
		04465408247D4927005CAF43 /* Assets.xcassets in Resources */ = {isa = PBXBuildFile; fileRef = 04465407247D4927005CAF43 /* Assets.xcassets */; };
		0446540B247D4927005CAF43 /* LaunchScreen.storyboard in Resources */ = {isa = PBXBuildFile; fileRef = 04465409247D4927005CAF43 /* LaunchScreen.storyboard */; };
		04A648DA247DEFB00012F317 /* Portfolio.xcdatamodeld in Sources */ = {isa = PBXBuildFile; fileRef = 04A648D8247DEFB00012F317 /* Portfolio.xcdatamodeld */; };
		04A648DC247E268B0012F317 /* CoreDataStack.swift in Sources */ = {isa = PBXBuildFile; fileRef = 04A648DB247E268B0012F317 /* CoreDataStack.swift */; };
		04A648DE247E289F0012F317 /* SyncEngine.swift in Sources */ = {isa = PBXBuildFile; fileRef = 04A648DD247E289F0012F317 /* SyncEngine.swift */; };
		04A648E0247E33D80012F317 /* Project+Convenience.swift in Sources */ = {isa = PBXBuildFile; fileRef = 04A648DF247E33D80012F317 /* Project+Convenience.swift */; };
		04A648E5247E35490012F317 /* Project+CoreDataClass.swift in Sources */ = {isa = PBXBuildFile; fileRef = 04A648E1247E35490012F317 /* Project+CoreDataClass.swift */; };
		04A648E6247E35490012F317 /* Project+CoreDataProperties.swift in Sources */ = {isa = PBXBuildFile; fileRef = 04A648E2247E35490012F317 /* Project+CoreDataProperties.swift */; };
		04A648E7247E35490012F317 /* Feature+CoreDataClass.swift in Sources */ = {isa = PBXBuildFile; fileRef = 04A648E3247E35490012F317 /* Feature+CoreDataClass.swift */; };
		04A648E8247E35490012F317 /* Feature+CoreDataProperties.swift in Sources */ = {isa = PBXBuildFile; fileRef = 04A648E4247E35490012F317 /* Feature+CoreDataProperties.swift */; };
		04A648EA247EBA910012F317 /* Feature+Convenience.swift in Sources */ = {isa = PBXBuildFile; fileRef = 04A648E9247EBA910012F317 /* Feature+Convenience.swift */; };
		04A648F0247EC2AF0012F317 /* ProjectCollectionViewController.swift in Sources */ = {isa = PBXBuildFile; fileRef = 04A648EF247EC2AF0012F317 /* ProjectCollectionViewController.swift */; };
		04A648F2247EC2C60012F317 /* ProjectCollectionViewCell.swift in Sources */ = {isa = PBXBuildFile; fileRef = 04A648F1247EC2C60012F317 /* ProjectCollectionViewCell.swift */; };
		04D0FAD4247DB21A00DB6875 /* SSNetworking in Frameworks */ = {isa = PBXBuildFile; productRef = 04D0FAD3247DB21A00DB6875 /* SSNetworking */; };
		04D0FAD6247DB25600DB6875 /* NetworkClient.swift in Sources */ = {isa = PBXBuildFile; fileRef = 04D0FAD5247DB25600DB6875 /* NetworkClient.swift */; };
		04D0FAD7247DB61700DB6875 /* ProjectRep.swift in Sources */ = {isa = PBXBuildFile; fileRef = 0464A237247D8543005F40F0 /* ProjectRep.swift */; };
		04D0FAD8247DB61A00DB6875 /* FeatureRep.swift in Sources */ = {isa = PBXBuildFile; fileRef = 0464A236247D8543005F40F0 /* FeatureRep.swift */; };
/* End PBXBuildFile section */

/* Begin PBXFileReference section */
		044653FB247D4924005CAF43 /* Portfolio.app */ = {isa = PBXFileReference; explicitFileType = wrapper.application; includeInIndex = 0; path = Portfolio.app; sourceTree = BUILT_PRODUCTS_DIR; };
		044653FE247D4924005CAF43 /* AppDelegate.swift */ = {isa = PBXFileReference; lastKnownFileType = sourcecode.swift; path = AppDelegate.swift; sourceTree = "<group>"; };
		04465400247D4924005CAF43 /* SceneDelegate.swift */ = {isa = PBXFileReference; lastKnownFileType = sourcecode.swift; path = SceneDelegate.swift; sourceTree = "<group>"; };
		04465405247D4924005CAF43 /* Base */ = {isa = PBXFileReference; lastKnownFileType = file.storyboard; name = Base; path = Base.lproj/Main.storyboard; sourceTree = "<group>"; };
		04465407247D4927005CAF43 /* Assets.xcassets */ = {isa = PBXFileReference; lastKnownFileType = folder.assetcatalog; path = Assets.xcassets; sourceTree = "<group>"; };
		0446540A247D4927005CAF43 /* Base */ = {isa = PBXFileReference; lastKnownFileType = file.storyboard; name = Base; path = Base.lproj/LaunchScreen.storyboard; sourceTree = "<group>"; };
		0446540C247D4927005CAF43 /* Info.plist */ = {isa = PBXFileReference; lastKnownFileType = text.plist.xml; path = Info.plist; sourceTree = "<group>"; };
		0464A236247D8543005F40F0 /* FeatureRep.swift */ = {isa = PBXFileReference; lastKnownFileType = sourcecode.swift; path = FeatureRep.swift; sourceTree = "<group>"; };
		0464A237247D8543005F40F0 /* ProjectRep.swift */ = {isa = PBXFileReference; lastKnownFileType = sourcecode.swift; path = ProjectRep.swift; sourceTree = "<group>"; };
		04A648D9247DEFB00012F317 /* Portfolio.xcdatamodel */ = {isa = PBXFileReference; lastKnownFileType = wrapper.xcdatamodel; path = Portfolio.xcdatamodel; sourceTree = "<group>"; };
		04A648DB247E268B0012F317 /* CoreDataStack.swift */ = {isa = PBXFileReference; lastKnownFileType = sourcecode.swift; path = CoreDataStack.swift; sourceTree = "<group>"; };
		04A648DD247E289F0012F317 /* SyncEngine.swift */ = {isa = PBXFileReference; lastKnownFileType = sourcecode.swift; path = SyncEngine.swift; sourceTree = "<group>"; };
		04A648DF247E33D80012F317 /* Project+Convenience.swift */ = {isa = PBXFileReference; lastKnownFileType = sourcecode.swift; path = "Project+Convenience.swift"; sourceTree = "<group>"; };
		04A648E1247E35490012F317 /* Project+CoreDataClass.swift */ = {isa = PBXFileReference; lastKnownFileType = sourcecode.swift; name = "Project+CoreDataClass.swift"; path = "Portfolio/Models/Project/Project+CoreDataClass.swift"; sourceTree = SOURCE_ROOT; };
		04A648E2247E35490012F317 /* Project+CoreDataProperties.swift */ = {isa = PBXFileReference; lastKnownFileType = sourcecode.swift; name = "Project+CoreDataProperties.swift"; path = "Portfolio/Models/Project/Project+CoreDataProperties.swift"; sourceTree = SOURCE_ROOT; };
		04A648E3247E35490012F317 /* Feature+CoreDataClass.swift */ = {isa = PBXFileReference; lastKnownFileType = sourcecode.swift; name = "Feature+CoreDataClass.swift"; path = "Portfolio/Models/Feature/Feature+CoreDataClass.swift"; sourceTree = SOURCE_ROOT; };
		04A648E4247E35490012F317 /* Feature+CoreDataProperties.swift */ = {isa = PBXFileReference; lastKnownFileType = sourcecode.swift; name = "Feature+CoreDataProperties.swift"; path = "Portfolio/Models/Feature/Feature+CoreDataProperties.swift"; sourceTree = SOURCE_ROOT; };
		04A648E9247EBA910012F317 /* Feature+Convenience.swift */ = {isa = PBXFileReference; lastKnownFileType = sourcecode.swift; path = "Feature+Convenience.swift"; sourceTree = "<group>"; };
		04A648EF247EC2AF0012F317 /* ProjectCollectionViewController.swift */ = {isa = PBXFileReference; lastKnownFileType = sourcecode.swift; path = ProjectCollectionViewController.swift; sourceTree = "<group>"; };
		04A648F1247EC2C60012F317 /* ProjectCollectionViewCell.swift */ = {isa = PBXFileReference; lastKnownFileType = sourcecode.swift; path = ProjectCollectionViewCell.swift; sourceTree = "<group>"; };
		04D0FAD5247DB25600DB6875 /* NetworkClient.swift */ = {isa = PBXFileReference; lastKnownFileType = sourcecode.swift; path = NetworkClient.swift; sourceTree = "<group>"; };
/* End PBXFileReference section */

/* Begin PBXFrameworksBuildPhase section */
		044653F8247D4924005CAF43 /* Frameworks */ = {
			isa = PBXFrameworksBuildPhase;
			buildActionMask = 2147483647;
			files = (
				04D0FAD4247DB21A00DB6875 /* SSNetworking in Frameworks */,
			);
			runOnlyForDeploymentPostprocessing = 0;
		};
/* End PBXFrameworksBuildPhase section */

/* Begin PBXGroup section */
		044653F2247D4924005CAF43 = {
			isa = PBXGroup;
			children = (
				044653FD247D4924005CAF43 /* Portfolio */,
				044653FC247D4924005CAF43 /* Products */,
				0464A088247D550B005F40F0 /* Frameworks */,
			);
			sourceTree = "<group>";
		};
		044653FC247D4924005CAF43 /* Products */ = {
			isa = PBXGroup;
			children = (
				044653FB247D4924005CAF43 /* Portfolio.app */,
			);
			name = Products;
			sourceTree = "<group>";
		};
		044653FD247D4924005CAF43 /* Portfolio */ = {
			isa = PBXGroup;
			children = (
				04465404247D4924005CAF43 /* Main.storyboard */,
				04A648EF247EC2AF0012F317 /* ProjectCollectionViewController.swift */,
				04A648F1247EC2C60012F317 /* ProjectCollectionViewCell.swift */,
				0464A235247D8543005F40F0 /* Models */,
				04A648EE247EC1F90012F317 /* Networking */,
				04465412247D4944005CAF43 /* Resources */,
			);
			path = Portfolio;
			sourceTree = "<group>";
		};
		04465412247D4944005CAF43 /* Resources */ = {
			isa = PBXGroup;
			children = (
				044653FE247D4924005CAF43 /* AppDelegate.swift */,
				04465400247D4924005CAF43 /* SceneDelegate.swift */,
				04465407247D4927005CAF43 /* Assets.xcassets */,
				04465409247D4927005CAF43 /* LaunchScreen.storyboard */,
				0446540C247D4927005CAF43 /* Info.plist */,
			);
			path = Resources;
			sourceTree = "<group>";
		};
		0464A088247D550B005F40F0 /* Frameworks */ = {
			isa = PBXGroup;
			children = (
			);
			name = Frameworks;
			sourceTree = "<group>";
		};
		0464A235247D8543005F40F0 /* Models */ = {
			isa = PBXGroup;
			children = (
				04A648EB247EBB090012F317 /* Project */,
				04A648EC247EBB320012F317 /* Feature */,
				04A648D8247DEFB00012F317 /* Portfolio.xcdatamodeld */,
				04A648DB247E268B0012F317 /* CoreDataStack.swift */,
			);
			path = Models;
			sourceTree = "<group>";
		};
		04A648EB247EBB090012F317 /* Project */ = {
			isa = PBXGroup;
			children = (
				04A648E1247E35490012F317 /* Project+CoreDataClass.swift */,
				04A648E2247E35490012F317 /* Project+CoreDataProperties.swift */,
				04A648DF247E33D80012F317 /* Project+Convenience.swift */,
				0464A237247D8543005F40F0 /* ProjectRep.swift */,
			);
			path = Project;
			sourceTree = "<group>";
		};
		04A648EC247EBB320012F317 /* Feature */ = {
			isa = PBXGroup;
			children = (
				04A648E3247E35490012F317 /* Feature+CoreDataClass.swift */,
				04A648E4247E35490012F317 /* Feature+CoreDataProperties.swift */,
				04A648E9247EBA910012F317 /* Feature+Convenience.swift */,
				0464A236247D8543005F40F0 /* FeatureRep.swift */,
			);
			path = Feature;
			sourceTree = "<group>";
		};
		04A648EE247EC1F90012F317 /* Networking */ = {
			isa = PBXGroup;
			children = (
				04D0FAD5247DB25600DB6875 /* NetworkClient.swift */,
				04A648DD247E289F0012F317 /* SyncEngine.swift */,
			);
			path = Networking;
			sourceTree = "<group>";
		};
/* End PBXGroup section */

/* Begin PBXNativeTarget section */
		044653FA247D4924005CAF43 /* Portfolio */ = {
			isa = PBXNativeTarget;
			buildConfigurationList = 0446540F247D4927005CAF43 /* Build configuration list for PBXNativeTarget "Portfolio" */;
			buildPhases = (
				044653F7247D4924005CAF43 /* Sources */,
				044653F8247D4924005CAF43 /* Frameworks */,
				044653F9247D4924005CAF43 /* Resources */,
			);
			buildRules = (
			);
			dependencies = (
			);
			name = Portfolio;
			packageProductDependencies = (
				04D0FAD3247DB21A00DB6875 /* SSNetworking */,
			);
			productName = Portfolio;
			productReference = 044653FB247D4924005CAF43 /* Portfolio.app */;
			productType = "com.apple.product-type.application";
		};
/* End PBXNativeTarget section */

/* Begin PBXProject section */
		044653F3247D4924005CAF43 /* Project object */ = {
			isa = PBXProject;
			attributes = {
				LastSwiftUpdateCheck = 1140;
				LastUpgradeCheck = 1140;
				ORGANIZATIONNAME = "Swift Student";
				TargetAttributes = {
					044653FA247D4924005CAF43 = {
						CreatedOnToolsVersion = 11.4.1;
					};
				};
			};
			buildConfigurationList = 044653F6247D4924005CAF43 /* Build configuration list for PBXProject "Portfolio" */;
			compatibilityVersion = "Xcode 9.3";
			developmentRegion = en;
			hasScannedForEncodings = 0;
			knownRegions = (
				en,
				Base,
			);
			mainGroup = 044653F2247D4924005CAF43;
			packageReferences = (
				04D0FAD2247DB21A00DB6875 /* XCRemoteSwiftPackageReference "SSNetworking" */,
			);
			productRefGroup = 044653FC247D4924005CAF43 /* Products */;
			projectDirPath = "";
			projectRoot = "";
			targets = (
				044653FA247D4924005CAF43 /* Portfolio */,
			);
		};
/* End PBXProject section */

/* Begin PBXResourcesBuildPhase section */
		044653F9247D4924005CAF43 /* Resources */ = {
			isa = PBXResourcesBuildPhase;
			buildActionMask = 2147483647;
			files = (
				0446540B247D4927005CAF43 /* LaunchScreen.storyboard in Resources */,
				04465408247D4927005CAF43 /* Assets.xcassets in Resources */,
				04465406247D4924005CAF43 /* Main.storyboard in Resources */,
			);
			runOnlyForDeploymentPostprocessing = 0;
		};
/* End PBXResourcesBuildPhase section */

/* Begin PBXSourcesBuildPhase section */
		044653F7247D4924005CAF43 /* Sources */ = {
			isa = PBXSourcesBuildPhase;
			buildActionMask = 2147483647;
			files = (
				04D0FAD8247DB61A00DB6875 /* FeatureRep.swift in Sources */,
				04A648F0247EC2AF0012F317 /* ProjectCollectionViewController.swift in Sources */,
				04A648E8247E35490012F317 /* Feature+CoreDataProperties.swift in Sources */,
				04A648F2247EC2C60012F317 /* ProjectCollectionViewCell.swift in Sources */,
				044653FF247D4924005CAF43 /* AppDelegate.swift in Sources */,
				04A648E7247E35490012F317 /* Feature+CoreDataClass.swift in Sources */,
				04465401247D4924005CAF43 /* SceneDelegate.swift in Sources */,
				04D0FAD7247DB61700DB6875 /* ProjectRep.swift in Sources */,
				04D0FAD6247DB25600DB6875 /* NetworkClient.swift in Sources */,
				04A648DA247DEFB00012F317 /* Portfolio.xcdatamodeld in Sources */,
				04A648E0247E33D80012F317 /* Project+Convenience.swift in Sources */,
				04A648DC247E268B0012F317 /* CoreDataStack.swift in Sources */,
				04A648EA247EBA910012F317 /* Feature+Convenience.swift in Sources */,
				04A648E5247E35490012F317 /* Project+CoreDataClass.swift in Sources */,
				04A648E6247E35490012F317 /* Project+CoreDataProperties.swift in Sources */,
				04A648DE247E289F0012F317 /* SyncEngine.swift in Sources */,
			);
			runOnlyForDeploymentPostprocessing = 0;
		};
/* End PBXSourcesBuildPhase section */

/* Begin PBXVariantGroup section */
		04465404247D4924005CAF43 /* Main.storyboard */ = {
			isa = PBXVariantGroup;
			children = (
				04465405247D4924005CAF43 /* Base */,
			);
			name = Main.storyboard;
			sourceTree = "<group>";
		};
		04465409247D4927005CAF43 /* LaunchScreen.storyboard */ = {
			isa = PBXVariantGroup;
			children = (
				0446540A247D4927005CAF43 /* Base */,
			);
			name = LaunchScreen.storyboard;
			sourceTree = "<group>";
		};
/* End PBXVariantGroup section */

/* Begin XCBuildConfiguration section */
		0446540D247D4927005CAF43 /* Debug */ = {
			isa = XCBuildConfiguration;
			buildSettings = {
				ALWAYS_SEARCH_USER_PATHS = NO;
				CLANG_ANALYZER_NONNULL = YES;
				CLANG_ANALYZER_NUMBER_OBJECT_CONVERSION = YES_AGGRESSIVE;
				CLANG_CXX_LANGUAGE_STANDARD = "gnu++14";
				CLANG_CXX_LIBRARY = "libc++";
				CLANG_ENABLE_MODULES = YES;
				CLANG_ENABLE_OBJC_ARC = YES;
				CLANG_ENABLE_OBJC_WEAK = YES;
				CLANG_WARN_BLOCK_CAPTURE_AUTORELEASING = YES;
				CLANG_WARN_BOOL_CONVERSION = YES;
				CLANG_WARN_COMMA = YES;
				CLANG_WARN_CONSTANT_CONVERSION = YES;
				CLANG_WARN_DEPRECATED_OBJC_IMPLEMENTATIONS = YES;
				CLANG_WARN_DIRECT_OBJC_ISA_USAGE = YES_ERROR;
				CLANG_WARN_DOCUMENTATION_COMMENTS = YES;
				CLANG_WARN_EMPTY_BODY = YES;
				CLANG_WARN_ENUM_CONVERSION = YES;
				CLANG_WARN_INFINITE_RECURSION = YES;
				CLANG_WARN_INT_CONVERSION = YES;
				CLANG_WARN_NON_LITERAL_NULL_CONVERSION = YES;
				CLANG_WARN_OBJC_IMPLICIT_RETAIN_SELF = YES;
				CLANG_WARN_OBJC_LITERAL_CONVERSION = YES;
				CLANG_WARN_OBJC_ROOT_CLASS = YES_ERROR;
				CLANG_WARN_RANGE_LOOP_ANALYSIS = YES;
				CLANG_WARN_STRICT_PROTOTYPES = YES;
				CLANG_WARN_SUSPICIOUS_MOVE = YES;
				CLANG_WARN_UNGUARDED_AVAILABILITY = YES_AGGRESSIVE;
				CLANG_WARN_UNREACHABLE_CODE = YES;
				CLANG_WARN__DUPLICATE_METHOD_MATCH = YES;
				COPY_PHASE_STRIP = NO;
				DEBUG_INFORMATION_FORMAT = dwarf;
				ENABLE_STRICT_OBJC_MSGSEND = YES;
				ENABLE_TESTABILITY = YES;
				GCC_C_LANGUAGE_STANDARD = gnu11;
				GCC_DYNAMIC_NO_PIC = NO;
				GCC_NO_COMMON_BLOCKS = YES;
				GCC_OPTIMIZATION_LEVEL = 0;
				GCC_PREPROCESSOR_DEFINITIONS = (
					"DEBUG=1",
					"$(inherited)",
				);
				GCC_WARN_64_TO_32_BIT_CONVERSION = YES;
				GCC_WARN_ABOUT_RETURN_TYPE = YES_ERROR;
				GCC_WARN_UNDECLARED_SELECTOR = YES;
				GCC_WARN_UNINITIALIZED_AUTOS = YES_AGGRESSIVE;
				GCC_WARN_UNUSED_FUNCTION = YES;
				GCC_WARN_UNUSED_VARIABLE = YES;
				IPHONEOS_DEPLOYMENT_TARGET = 13.4;
				MTL_ENABLE_DEBUG_INFO = INCLUDE_SOURCE;
				MTL_FAST_MATH = YES;
				ONLY_ACTIVE_ARCH = YES;
				SDKROOT = iphoneos;
				SWIFT_ACTIVE_COMPILATION_CONDITIONS = DEBUG;
				SWIFT_OPTIMIZATION_LEVEL = "-Onone";
			};
			name = Debug;
		};
		0446540E247D4927005CAF43 /* Release */ = {
			isa = XCBuildConfiguration;
			buildSettings = {
				ALWAYS_SEARCH_USER_PATHS = NO;
				CLANG_ANALYZER_NONNULL = YES;
				CLANG_ANALYZER_NUMBER_OBJECT_CONVERSION = YES_AGGRESSIVE;
				CLANG_CXX_LANGUAGE_STANDARD = "gnu++14";
				CLANG_CXX_LIBRARY = "libc++";
				CLANG_ENABLE_MODULES = YES;
				CLANG_ENABLE_OBJC_ARC = YES;
				CLANG_ENABLE_OBJC_WEAK = YES;
				CLANG_WARN_BLOCK_CAPTURE_AUTORELEASING = YES;
				CLANG_WARN_BOOL_CONVERSION = YES;
				CLANG_WARN_COMMA = YES;
				CLANG_WARN_CONSTANT_CONVERSION = YES;
				CLANG_WARN_DEPRECATED_OBJC_IMPLEMENTATIONS = YES;
				CLANG_WARN_DIRECT_OBJC_ISA_USAGE = YES_ERROR;
				CLANG_WARN_DOCUMENTATION_COMMENTS = YES;
				CLANG_WARN_EMPTY_BODY = YES;
				CLANG_WARN_ENUM_CONVERSION = YES;
				CLANG_WARN_INFINITE_RECURSION = YES;
				CLANG_WARN_INT_CONVERSION = YES;
				CLANG_WARN_NON_LITERAL_NULL_CONVERSION = YES;
				CLANG_WARN_OBJC_IMPLICIT_RETAIN_SELF = YES;
				CLANG_WARN_OBJC_LITERAL_CONVERSION = YES;
				CLANG_WARN_OBJC_ROOT_CLASS = YES_ERROR;
				CLANG_WARN_RANGE_LOOP_ANALYSIS = YES;
				CLANG_WARN_STRICT_PROTOTYPES = YES;
				CLANG_WARN_SUSPICIOUS_MOVE = YES;
				CLANG_WARN_UNGUARDED_AVAILABILITY = YES_AGGRESSIVE;
				CLANG_WARN_UNREACHABLE_CODE = YES;
				CLANG_WARN__DUPLICATE_METHOD_MATCH = YES;
				COPY_PHASE_STRIP = NO;
				DEBUG_INFORMATION_FORMAT = "dwarf-with-dsym";
				ENABLE_NS_ASSERTIONS = NO;
				ENABLE_STRICT_OBJC_MSGSEND = YES;
				GCC_C_LANGUAGE_STANDARD = gnu11;
				GCC_NO_COMMON_BLOCKS = YES;
				GCC_WARN_64_TO_32_BIT_CONVERSION = YES;
				GCC_WARN_ABOUT_RETURN_TYPE = YES_ERROR;
				GCC_WARN_UNDECLARED_SELECTOR = YES;
				GCC_WARN_UNINITIALIZED_AUTOS = YES_AGGRESSIVE;
				GCC_WARN_UNUSED_FUNCTION = YES;
				GCC_WARN_UNUSED_VARIABLE = YES;
				IPHONEOS_DEPLOYMENT_TARGET = 13.4;
				MTL_ENABLE_DEBUG_INFO = NO;
				MTL_FAST_MATH = YES;
				SDKROOT = iphoneos;
				SWIFT_COMPILATION_MODE = wholemodule;
				SWIFT_OPTIMIZATION_LEVEL = "-O";
				VALIDATE_PRODUCT = YES;
			};
			name = Release;
		};
		04465410247D4927005CAF43 /* Debug */ = {
			isa = XCBuildConfiguration;
			buildSettings = {
				ASSETCATALOG_COMPILER_APPICON_NAME = AppIcon;
				CODE_SIGN_STYLE = Automatic;
				DEVELOPMENT_TEAM = 94ZMA2MYR4;
				INFOPLIST_FILE = Portfolio/Resources/Info.plist;
				LD_RUNPATH_SEARCH_PATHS = (
					"$(inherited)",
					"@executable_path/Frameworks",
				);
				PRODUCT_BUNDLE_IDENTIFIER = com.swiftstudent.Portfolio;
				PRODUCT_NAME = "$(TARGET_NAME)";
				SWIFT_VERSION = 5.0;
				TARGETED_DEVICE_FAMILY = "1,2";
			};
			name = Debug;
		};
		04465411247D4927005CAF43 /* Release */ = {
			isa = XCBuildConfiguration;
			buildSettings = {
				ASSETCATALOG_COMPILER_APPICON_NAME = AppIcon;
				CODE_SIGN_STYLE = Automatic;
				DEVELOPMENT_TEAM = 94ZMA2MYR4;
				INFOPLIST_FILE = Portfolio/Resources/Info.plist;
				LD_RUNPATH_SEARCH_PATHS = (
					"$(inherited)",
					"@executable_path/Frameworks",
				);
				PRODUCT_BUNDLE_IDENTIFIER = com.swiftstudent.Portfolio;
				PRODUCT_NAME = "$(TARGET_NAME)";
				SWIFT_VERSION = 5.0;
				TARGETED_DEVICE_FAMILY = "1,2";
			};
			name = Release;
		};
/* End XCBuildConfiguration section */

/* Begin XCConfigurationList section */
		044653F6247D4924005CAF43 /* Build configuration list for PBXProject "Portfolio" */ = {
			isa = XCConfigurationList;
			buildConfigurations = (
				0446540D247D4927005CAF43 /* Debug */,
				0446540E247D4927005CAF43 /* Release */,
			);
			defaultConfigurationIsVisible = 0;
			defaultConfigurationName = Release;
		};
		0446540F247D4927005CAF43 /* Build configuration list for PBXNativeTarget "Portfolio" */ = {
			isa = XCConfigurationList;
			buildConfigurations = (
				04465410247D4927005CAF43 /* Debug */,
				04465411247D4927005CAF43 /* Release */,
			);
			defaultConfigurationIsVisible = 0;
			defaultConfigurationName = Release;
		};
/* End XCConfigurationList section */

/* Begin XCRemoteSwiftPackageReference section */
		04D0FAD2247DB21A00DB6875 /* XCRemoteSwiftPackageReference "SSNetworking" */ = {
			isa = XCRemoteSwiftPackageReference;
			repositoryURL = "https://github.com/swift-student/SSNetworking.git";
			requirement = {
				kind = upToNextMajorVersion;
				minimumVersion = 1.0.0;
			};
		};
/* End XCRemoteSwiftPackageReference section */

/* Begin XCSwiftPackageProductDependency section */
		04D0FAD3247DB21A00DB6875 /* SSNetworking */ = {
			isa = XCSwiftPackageProductDependency;
			package = 04D0FAD2247DB21A00DB6875 /* XCRemoteSwiftPackageReference "SSNetworking" */;
			productName = SSNetworking;
		};
/* End XCSwiftPackageProductDependency section */

/* Begin XCVersionGroup section */
		04A648D8247DEFB00012F317 /* Portfolio.xcdatamodeld */ = {
			isa = XCVersionGroup;
			children = (
				04A648D9247DEFB00012F317 /* Portfolio.xcdatamodel */,
			);
			currentVersion = 04A648D9247DEFB00012F317 /* Portfolio.xcdatamodel */;
			path = Portfolio.xcdatamodeld;
			sourceTree = "<group>";
			versionGroupType = wrapper.xcdatamodel;
		};
/* End XCVersionGroup section */
	};
	rootObject = 044653F3247D4924005CAF43 /* Project object */;
}
